// !$*UTF8*$!
{
	archiveVersion = 1;
	classes = {
	};
	objectVersion = 50;
	objects = {

/* Begin PBXBuildFile section */
		AC3FC4CA246C86300058581D /* WeatherResult.swift in Sources */ = {isa = PBXBuildFile; fileRef = AC3FC4C9246C86300058581D /* WeatherResult.swift */; };
		AC3FC4CC246F00EC0058581D /* WeatherIcon.swift in Sources */ = {isa = PBXBuildFile; fileRef = AC3FC4CB246F00EC0058581D /* WeatherIcon.swift */; };
		AC3FC4CE24701C8A0058581D /* NetworkError.swift in Sources */ = {isa = PBXBuildFile; fileRef = AC3FC4CD24701C8A0058581D /* NetworkError.swift */; };
		AC3FC4D224717D6E0058581D /* SceneDelegate.swift in Sources */ = {isa = PBXBuildFile; fileRef = AC3FC4D124717D6E0058581D /* SceneDelegate.swift */; };
		AC3FC4D4247195BE0058581D /* TranslationResult.swift in Sources */ = {isa = PBXBuildFile; fileRef = AC3FC4D3247195BE0058581D /* TranslationResult.swift */; };
		AC8826A9246B521900EE06B2 /* AppDelegate.swift in Sources */ = {isa = PBXBuildFile; fileRef = AC8826A8246B521900EE06B2 /* AppDelegate.swift */; };
		AC8826B0246B521900EE06B2 /* Main.storyboard in Resources */ = {isa = PBXBuildFile; fileRef = AC8826AE246B521900EE06B2 /* Main.storyboard */; };
		AC8826B2246B521B00EE06B2 /* Assets.xcassets in Resources */ = {isa = PBXBuildFile; fileRef = AC8826B1246B521B00EE06B2 /* Assets.xcassets */; };
		AC8826B5246B521B00EE06B2 /* LaunchScreen.storyboard in Resources */ = {isa = PBXBuildFile; fileRef = AC8826B3246B521B00EE06B2 /* LaunchScreen.storyboard */; };
		AC8826C0246B521B00EE06B2 /* LeBaluchonTests.swift in Sources */ = {isa = PBXBuildFile; fileRef = AC8826BF246B521B00EE06B2 /* LeBaluchonTests.swift */; };
		AC8826CF246B532100EE06B2 /* CurrencyViewController.swift in Sources */ = {isa = PBXBuildFile; fileRef = AC8826CE246B532100EE06B2 /* CurrencyViewController.swift */; };
		AC8826D1246B533200EE06B2 /* TranslationViewController.swift in Sources */ = {isa = PBXBuildFile; fileRef = AC8826D0246B533200EE06B2 /* TranslationViewController.swift */; };
		AC8826D3246B533E00EE06B2 /* WeatherViewController.swift in Sources */ = {isa = PBXBuildFile; fileRef = AC8826D2246B533E00EE06B2 /* WeatherViewController.swift */; };
		AC8826D5246B543D00EE06B2 /* NetworkManager.swift in Sources */ = {isa = PBXBuildFile; fileRef = AC8826D4246B543D00EE06B2 /* NetworkManager.swift */; };
		AC8826D7246B545F00EE06B2 /* CurrencyNetworkManager.swift in Sources */ = {isa = PBXBuildFile; fileRef = AC8826D6246B545F00EE06B2 /* CurrencyNetworkManager.swift */; };
		AC8826D9246B548200EE06B2 /* TranslationNetworkManager.swift in Sources */ = {isa = PBXBuildFile; fileRef = AC8826D8246B548200EE06B2 /* TranslationNetworkManager.swift */; };
		AC8826DB246B549E00EE06B2 /* WeatherNetworkManager.swift in Sources */ = {isa = PBXBuildFile; fileRef = AC8826DA246B549E00EE06B2 /* WeatherNetworkManager.swift */; };
		AC8826DD246B752D00EE06B2 /* CurrencyLatestResult.swift in Sources */ = {isa = PBXBuildFile; fileRef = AC8826DC246B752D00EE06B2 /* CurrencyLatestResult.swift */; };
		AC89E3C7247832E2008F9E89 /* Services.swift in Sources */ = {isa = PBXBuildFile; fileRef = AC89E3C6247832E2008F9E89 /* Services.swift */; };
		AC89E3C924783309008F9E89 /* Cities.swift in Sources */ = {isa = PBXBuildFile; fileRef = AC89E3C824783309008F9E89 /* Cities.swift */; };
		AC89E3CC247833CE008F9E89 /* UrlProvider.swift in Sources */ = {isa = PBXBuildFile; fileRef = AC89E3CB247833CE008F9E89 /* UrlProvider.swift */; };
		AC89E3CE247833ED008F9E89 /* UrlProviderImplementation.swift in Sources */ = {isa = PBXBuildFile; fileRef = AC89E3CD247833ED008F9E89 /* UrlProviderImplementation.swift */; };
		AC89E3D024783464008F9E89 /* ServiceContainer.swift in Sources */ = {isa = PBXBuildFile; fileRef = AC89E3CF24783464008F9E89 /* ServiceContainer.swift */; };
/* End PBXBuildFile section */

/* Begin PBXContainerItemProxy section */
		AC8826BC246B521B00EE06B2 /* PBXContainerItemProxy */ = {
			isa = PBXContainerItemProxy;
			containerPortal = AC88269D246B521900EE06B2 /* Project object */;
			proxyType = 1;
			remoteGlobalIDString = AC8826A4246B521900EE06B2;
			remoteInfo = LeBaluchon;
		};
/* End PBXContainerItemProxy section */

/* Begin PBXFileReference section */
		AC3FC4C9246C86300058581D /* WeatherResult.swift */ = {isa = PBXFileReference; lastKnownFileType = sourcecode.swift; path = WeatherResult.swift; sourceTree = "<group>"; };
		AC3FC4CB246F00EC0058581D /* WeatherIcon.swift */ = {isa = PBXFileReference; lastKnownFileType = sourcecode.swift; path = WeatherIcon.swift; sourceTree = "<group>"; };
		AC3FC4CD24701C8A0058581D /* NetworkError.swift */ = {isa = PBXFileReference; lastKnownFileType = sourcecode.swift; path = NetworkError.swift; sourceTree = "<group>"; };
		AC3FC4D124717D6E0058581D /* SceneDelegate.swift */ = {isa = PBXFileReference; fileEncoding = 4; lastKnownFileType = sourcecode.swift; path = SceneDelegate.swift; sourceTree = "<group>"; };
		AC3FC4D3247195BE0058581D /* TranslationResult.swift */ = {isa = PBXFileReference; lastKnownFileType = sourcecode.swift; path = TranslationResult.swift; sourceTree = "<group>"; };
		AC8826A5246B521900EE06B2 /* LeBaluchon.app */ = {isa = PBXFileReference; explicitFileType = wrapper.application; includeInIndex = 0; path = LeBaluchon.app; sourceTree = BUILT_PRODUCTS_DIR; };
		AC8826A8246B521900EE06B2 /* AppDelegate.swift */ = {isa = PBXFileReference; lastKnownFileType = sourcecode.swift; path = AppDelegate.swift; sourceTree = "<group>"; };
		AC8826AF246B521900EE06B2 /* Base */ = {isa = PBXFileReference; lastKnownFileType = file.storyboard; name = Base; path = Base.lproj/Main.storyboard; sourceTree = "<group>"; };
		AC8826B1246B521B00EE06B2 /* Assets.xcassets */ = {isa = PBXFileReference; lastKnownFileType = folder.assetcatalog; path = Assets.xcassets; sourceTree = "<group>"; };
		AC8826B4246B521B00EE06B2 /* Base */ = {isa = PBXFileReference; lastKnownFileType = file.storyboard; name = Base; path = Base.lproj/LaunchScreen.storyboard; sourceTree = "<group>"; };
		AC8826B6246B521B00EE06B2 /* Info.plist */ = {isa = PBXFileReference; lastKnownFileType = text.plist.xml; path = Info.plist; sourceTree = "<group>"; };
		AC8826BB246B521B00EE06B2 /* LeBaluchonTests.xctest */ = {isa = PBXFileReference; explicitFileType = wrapper.cfbundle; includeInIndex = 0; path = LeBaluchonTests.xctest; sourceTree = BUILT_PRODUCTS_DIR; };
		AC8826BF246B521B00EE06B2 /* LeBaluchonTests.swift */ = {isa = PBXFileReference; lastKnownFileType = sourcecode.swift; path = LeBaluchonTests.swift; sourceTree = "<group>"; };
		AC8826C1246B521B00EE06B2 /* Info.plist */ = {isa = PBXFileReference; lastKnownFileType = text.plist.xml; path = Info.plist; sourceTree = "<group>"; };
		AC8826CE246B532100EE06B2 /* CurrencyViewController.swift */ = {isa = PBXFileReference; lastKnownFileType = sourcecode.swift; path = CurrencyViewController.swift; sourceTree = "<group>"; };
		AC8826D0246B533200EE06B2 /* TranslationViewController.swift */ = {isa = PBXFileReference; lastKnownFileType = sourcecode.swift; path = TranslationViewController.swift; sourceTree = "<group>"; };
		AC8826D2246B533E00EE06B2 /* WeatherViewController.swift */ = {isa = PBXFileReference; lastKnownFileType = sourcecode.swift; path = WeatherViewController.swift; sourceTree = "<group>"; };
		AC8826D4246B543D00EE06B2 /* NetworkManager.swift */ = {isa = PBXFileReference; lastKnownFileType = sourcecode.swift; path = NetworkManager.swift; sourceTree = "<group>"; };
		AC8826D6246B545F00EE06B2 /* CurrencyNetworkManager.swift */ = {isa = PBXFileReference; lastKnownFileType = sourcecode.swift; path = CurrencyNetworkManager.swift; sourceTree = "<group>"; };
		AC8826D8246B548200EE06B2 /* TranslationNetworkManager.swift */ = {isa = PBXFileReference; lastKnownFileType = sourcecode.swift; path = TranslationNetworkManager.swift; sourceTree = "<group>"; };
		AC8826DA246B549E00EE06B2 /* WeatherNetworkManager.swift */ = {isa = PBXFileReference; lastKnownFileType = sourcecode.swift; path = WeatherNetworkManager.swift; sourceTree = "<group>"; };
		AC8826DC246B752D00EE06B2 /* CurrencyLatestResult.swift */ = {isa = PBXFileReference; lastKnownFileType = sourcecode.swift; path = CurrencyLatestResult.swift; sourceTree = "<group>"; };
		AC89E3C6247832E2008F9E89 /* Services.swift */ = {isa = PBXFileReference; lastKnownFileType = sourcecode.swift; path = Services.swift; sourceTree = "<group>"; };
		AC89E3C824783309008F9E89 /* Cities.swift */ = {isa = PBXFileReference; lastKnownFileType = sourcecode.swift; path = Cities.swift; sourceTree = "<group>"; };
		AC89E3CB247833CE008F9E89 /* UrlProvider.swift */ = {isa = PBXFileReference; lastKnownFileType = sourcecode.swift; path = UrlProvider.swift; sourceTree = "<group>"; };
		AC89E3CD247833ED008F9E89 /* UrlProviderImplementation.swift */ = {isa = PBXFileReference; lastKnownFileType = sourcecode.swift; path = UrlProviderImplementation.swift; sourceTree = "<group>"; };
		AC89E3CF24783464008F9E89 /* ServiceContainer.swift */ = {isa = PBXFileReference; lastKnownFileType = sourcecode.swift; path = ServiceContainer.swift; sourceTree = "<group>"; };
/* End PBXFileReference section */

/* Begin PBXFrameworksBuildPhase section */
		AC8826A2246B521900EE06B2 /* Frameworks */ = {
			isa = PBXFrameworksBuildPhase;
			buildActionMask = 2147483647;
			files = (
			);
			runOnlyForDeploymentPostprocessing = 0;
		};
		AC8826B8246B521B00EE06B2 /* Frameworks */ = {
			isa = PBXFrameworksBuildPhase;
			buildActionMask = 2147483647;
			files = (
			);
			runOnlyForDeploymentPostprocessing = 0;
		};
/* End PBXFrameworksBuildPhase section */

/* Begin PBXGroup section */
		AC3FC4D52471AD750058581D /* NetworkManagers */ = {
			isa = PBXGroup;
			children = (
				AC8826D6246B545F00EE06B2 /* CurrencyNetworkManager.swift */,
				AC8826D8246B548200EE06B2 /* TranslationNetworkManager.swift */,
				AC8826DA246B549E00EE06B2 /* WeatherNetworkManager.swift */,
			);
			path = NetworkManagers;
			sourceTree = "<group>";
		};
		AC3FC4D62471AD8F0058581D /* Structs */ = {
			isa = PBXGroup;
			children = (
				AC8826DC246B752D00EE06B2 /* CurrencyLatestResult.swift */,
				AC3FC4D3247195BE0058581D /* TranslationResult.swift */,
				AC3FC4C9246C86300058581D /* WeatherResult.swift */,
				AC3FC4CB246F00EC0058581D /* WeatherIcon.swift */,
			);
			path = Structs;
			sourceTree = "<group>";
		};
		AC3FC4D72471ADD70058581D /* Enums */ = {
			isa = PBXGroup;
			children = (
				AC3FC4CD24701C8A0058581D /* NetworkError.swift */,
				AC89E3C6247832E2008F9E89 /* Services.swift */,
				AC89E3C824783309008F9E89 /* Cities.swift */,
			);
			path = Enums;
			sourceTree = "<group>";
		};
		AC88269C246B521900EE06B2 = {
			isa = PBXGroup;
			children = (
				AC8826A7246B521900EE06B2 /* LeBaluchon */,
				AC8826BE246B521B00EE06B2 /* LeBaluchonTests */,
				AC8826A6246B521900EE06B2 /* Products */,
			);
			sourceTree = "<group>";
		};
		AC8826A6246B521900EE06B2 /* Products */ = {
			isa = PBXGroup;
			children = (
				AC8826A5246B521900EE06B2 /* LeBaluchon.app */,
				AC8826BB246B521B00EE06B2 /* LeBaluchonTests.xctest */,
			);
			name = Products;
			sourceTree = "<group>";
		};
		AC8826A7246B521900EE06B2 /* LeBaluchon */ = {
			isa = PBXGroup;
			children = (
				AC8826CD246B524900EE06B2 /* Controllers */,
				AC8826CC246B524300EE06B2 /* View */,
				AC8826CB246B523A00EE06B2 /* Model */,
				AC8826CA246B522D00EE06B2 /* Supporting Files */,
			);
			path = LeBaluchon;
			sourceTree = "<group>";
		};
		AC8826BE246B521B00EE06B2 /* LeBaluchonTests */ = {
			isa = PBXGroup;
			children = (
				AC8826BF246B521B00EE06B2 /* LeBaluchonTests.swift */,
				AC8826C1246B521B00EE06B2 /* Info.plist */,
			);
			path = LeBaluchonTests;
			sourceTree = "<group>";
		};
		AC8826CA246B522D00EE06B2 /* Supporting Files */ = {
			isa = PBXGroup;
			children = (
				AC8826A8246B521900EE06B2 /* AppDelegate.swift */,
				AC3FC4D124717D6E0058581D /* SceneDelegate.swift */,
				AC8826B1246B521B00EE06B2 /* Assets.xcassets */,
				AC8826B6246B521B00EE06B2 /* Info.plist */,
			);
			path = "Supporting Files";
			sourceTree = "<group>";
		};
		AC8826CB246B523A00EE06B2 /* Model */ = {
			isa = PBXGroup;
			children = (
				AC89E3D124784FBE008F9E89 /* ServiceContainer */,
				AC3FC4D72471ADD70058581D /* Enums */,
				AC3FC4D62471AD8F0058581D /* Structs */,
				AC3FC4D52471AD750058581D /* NetworkManagers */,
			);
			path = Model;
			sourceTree = "<group>";
		};
		AC8826CC246B524300EE06B2 /* View */ = {
			isa = PBXGroup;
			children = (
				AC8826AE246B521900EE06B2 /* Main.storyboard */,
				AC8826B3246B521B00EE06B2 /* LaunchScreen.storyboard */,
			);
			path = View;
			sourceTree = "<group>";
		};
		AC8826CD246B524900EE06B2 /* Controllers */ = {
			isa = PBXGroup;
			children = (
				AC8826CE246B532100EE06B2 /* CurrencyViewController.swift */,
				AC8826D0246B533200EE06B2 /* TranslationViewController.swift */,
				AC8826D2246B533E00EE06B2 /* WeatherViewController.swift */,
			);
			path = Controllers;
			sourceTree = "<group>";
		};
		AC89E3CA247833A5008F9E89 /* URLProvider */ = {
			isa = PBXGroup;
			children = (
				AC89E3CB247833CE008F9E89 /* UrlProvider.swift */,
				AC89E3CD247833ED008F9E89 /* UrlProviderImplementation.swift */,
			);
			path = URLProvider;
			sourceTree = "<group>";
		};
		AC89E3D124784FBE008F9E89 /* ServiceContainer */ = {
			isa = PBXGroup;
			children = (
				AC89E3CA247833A5008F9E89 /* URLProvider */,
				AC8826D4246B543D00EE06B2 /* NetworkManager.swift */,
				AC89E3CF24783464008F9E89 /* ServiceContainer.swift */,
			);
			path = ServiceContainer;
			sourceTree = "<group>";
		};
/* End PBXGroup section */

/* Begin PBXNativeTarget section */
		AC8826A4246B521900EE06B2 /* LeBaluchon */ = {
			isa = PBXNativeTarget;
			buildConfigurationList = AC8826C4246B521B00EE06B2 /* Build configuration list for PBXNativeTarget "LeBaluchon" */;
			buildPhases = (
				AC8826A1246B521900EE06B2 /* Sources */,
				AC8826A2246B521900EE06B2 /* Frameworks */,
				AC8826A3246B521900EE06B2 /* Resources */,
			);
			buildRules = (
			);
			dependencies = (
			);
			name = LeBaluchon;
			productName = LeBaluchon;
			productReference = AC8826A5246B521900EE06B2 /* LeBaluchon.app */;
			productType = "com.apple.product-type.application";
		};
		AC8826BA246B521B00EE06B2 /* LeBaluchonTests */ = {
			isa = PBXNativeTarget;
			buildConfigurationList = AC8826C7246B521B00EE06B2 /* Build configuration list for PBXNativeTarget "LeBaluchonTests" */;
			buildPhases = (
				AC8826B7246B521B00EE06B2 /* Sources */,
				AC8826B8246B521B00EE06B2 /* Frameworks */,
				AC8826B9246B521B00EE06B2 /* Resources */,
			);
			buildRules = (
			);
			dependencies = (
				AC8826BD246B521B00EE06B2 /* PBXTargetDependency */,
			);
			name = LeBaluchonTests;
			productName = LeBaluchonTests;
			productReference = AC8826BB246B521B00EE06B2 /* LeBaluchonTests.xctest */;
			productType = "com.apple.product-type.bundle.unit-test";
		};
/* End PBXNativeTarget section */

/* Begin PBXProject section */
		AC88269D246B521900EE06B2 /* Project object */ = {
			isa = PBXProject;
			attributes = {
				LastSwiftUpdateCheck = 1140;
				LastUpgradeCheck = 1140;
				ORGANIZATIONNAME = "Canessane Poudja";
				TargetAttributes = {
					AC8826A4246B521900EE06B2 = {
						CreatedOnToolsVersion = 11.4.1;
					};
					AC8826BA246B521B00EE06B2 = {
						CreatedOnToolsVersion = 11.4.1;
						TestTargetID = AC8826A4246B521900EE06B2;
					};
				};
			};
			buildConfigurationList = AC8826A0246B521900EE06B2 /* Build configuration list for PBXProject "LeBaluchon" */;
			compatibilityVersion = "Xcode 9.3";
			developmentRegion = en;
			hasScannedForEncodings = 0;
			knownRegions = (
				en,
				Base,
			);
			mainGroup = AC88269C246B521900EE06B2;
			productRefGroup = AC8826A6246B521900EE06B2 /* Products */;
			projectDirPath = "";
			projectRoot = "";
			targets = (
				AC8826A4246B521900EE06B2 /* LeBaluchon */,
				AC8826BA246B521B00EE06B2 /* LeBaluchonTests */,
			);
		};
/* End PBXProject section */

/* Begin PBXResourcesBuildPhase section */
		AC8826A3246B521900EE06B2 /* Resources */ = {
			isa = PBXResourcesBuildPhase;
			buildActionMask = 2147483647;
			files = (
				AC8826B5246B521B00EE06B2 /* LaunchScreen.storyboard in Resources */,
				AC8826B2246B521B00EE06B2 /* Assets.xcassets in Resources */,
				AC8826B0246B521900EE06B2 /* Main.storyboard in Resources */,
			);
			runOnlyForDeploymentPostprocessing = 0;
		};
		AC8826B9246B521B00EE06B2 /* Resources */ = {
			isa = PBXResourcesBuildPhase;
			buildActionMask = 2147483647;
			files = (
			);
			runOnlyForDeploymentPostprocessing = 0;
		};
/* End PBXResourcesBuildPhase section */

/* Begin PBXSourcesBuildPhase section */
		AC8826A1246B521900EE06B2 /* Sources */ = {
			isa = PBXSourcesBuildPhase;
			buildActionMask = 2147483647;
			files = (
				AC8826DB246B549E00EE06B2 /* WeatherNetworkManager.swift in Sources */,
				AC3FC4D224717D6E0058581D /* SceneDelegate.swift in Sources */,
				AC3FC4CC246F00EC0058581D /* WeatherIcon.swift in Sources */,
				AC8826A9246B521900EE06B2 /* AppDelegate.swift in Sources */,
				AC8826D5246B543D00EE06B2 /* NetworkManager.swift in Sources */,
				AC3FC4CA246C86300058581D /* WeatherResult.swift in Sources */,
				AC8826DD246B752D00EE06B2 /* CurrencyLatestResult.swift in Sources */,
				AC8826D3246B533E00EE06B2 /* WeatherViewController.swift in Sources */,
				AC89E3C924783309008F9E89 /* Cities.swift in Sources */,
				AC89E3CC247833CE008F9E89 /* UrlProvider.swift in Sources */,
				AC3FC4D4247195BE0058581D /* TranslationResult.swift in Sources */,
				AC8826D9246B548200EE06B2 /* TranslationNetworkManager.swift in Sources */,
				AC89E3CE247833ED008F9E89 /* UrlProviderImplementation.swift in Sources */,
				AC89E3C7247832E2008F9E89 /* Services.swift in Sources */,
				AC8826D1246B533200EE06B2 /* TranslationViewController.swift in Sources */,
				AC8826CF246B532100EE06B2 /* CurrencyViewController.swift in Sources */,
				AC3FC4CE24701C8A0058581D /* NetworkError.swift in Sources */,
				AC8826D7246B545F00EE06B2 /* CurrencyNetworkManager.swift in Sources */,
				AC89E3D024783464008F9E89 /* ServiceContainer.swift in Sources */,
			);
			runOnlyForDeploymentPostprocessing = 0;
		};
		AC8826B7246B521B00EE06B2 /* Sources */ = {
			isa = PBXSourcesBuildPhase;
			buildActionMask = 2147483647;
			files = (
				AC8826C0246B521B00EE06B2 /* LeBaluchonTests.swift in Sources */,
			);
			runOnlyForDeploymentPostprocessing = 0;
		};
/* End PBXSourcesBuildPhase section */

/* Begin PBXTargetDependency section */
		AC8826BD246B521B00EE06B2 /* PBXTargetDependency */ = {
			isa = PBXTargetDependency;
			target = AC8826A4246B521900EE06B2 /* LeBaluchon */;
			targetProxy = AC8826BC246B521B00EE06B2 /* PBXContainerItemProxy */;
		};
/* End PBXTargetDependency section */

/* Begin PBXVariantGroup section */
		AC8826AE246B521900EE06B2 /* Main.storyboard */ = {
			isa = PBXVariantGroup;
			children = (
				AC8826AF246B521900EE06B2 /* Base */,
			);
			name = Main.storyboard;
			sourceTree = "<group>";
		};
		AC8826B3246B521B00EE06B2 /* LaunchScreen.storyboard */ = {
			isa = PBXVariantGroup;
			children = (
				AC8826B4246B521B00EE06B2 /* Base */,
			);
			name = LaunchScreen.storyboard;
			sourceTree = "<group>";
		};
/* End PBXVariantGroup section */

/* Begin XCBuildConfiguration section */
		AC8826C2246B521B00EE06B2 /* Debug */ = {
			isa = XCBuildConfiguration;
			buildSettings = {
				ALWAYS_SEARCH_USER_PATHS = NO;
				CLANG_ANALYZER_NONNULL = YES;
				CLANG_ANALYZER_NUMBER_OBJECT_CONVERSION = YES_AGGRESSIVE;
				CLANG_CXX_LANGUAGE_STANDARD = "gnu++14";
				CLANG_CXX_LIBRARY = "libc++";
				CLANG_ENABLE_MODULES = YES;
				CLANG_ENABLE_OBJC_ARC = YES;
				CLANG_ENABLE_OBJC_WEAK = YES;
				CLANG_WARN_BLOCK_CAPTURE_AUTORELEASING = YES;
				CLANG_WARN_BOOL_CONVERSION = YES;
				CLANG_WARN_COMMA = YES;
				CLANG_WARN_CONSTANT_CONVERSION = YES;
				CLANG_WARN_DEPRECATED_OBJC_IMPLEMENTATIONS = YES;
				CLANG_WARN_DIRECT_OBJC_ISA_USAGE = YES_ERROR;
				CLANG_WARN_DOCUMENTATION_COMMENTS = YES;
				CLANG_WARN_EMPTY_BODY = YES;
				CLANG_WARN_ENUM_CONVERSION = YES;
				CLANG_WARN_INFINITE_RECURSION = YES;
				CLANG_WARN_INT_CONVERSION = YES;
				CLANG_WARN_NON_LITERAL_NULL_CONVERSION = YES;
				CLANG_WARN_OBJC_IMPLICIT_RETAIN_SELF = YES;
				CLANG_WARN_OBJC_LITERAL_CONVERSION = YES;
				CLANG_WARN_OBJC_ROOT_CLASS = YES_ERROR;
				CLANG_WARN_RANGE_LOOP_ANALYSIS = YES;
				CLANG_WARN_STRICT_PROTOTYPES = YES;
				CLANG_WARN_SUSPICIOUS_MOVE = YES;
				CLANG_WARN_UNGUARDED_AVAILABILITY = YES_AGGRESSIVE;
				CLANG_WARN_UNREACHABLE_CODE = YES;
				CLANG_WARN__DUPLICATE_METHOD_MATCH = YES;
				COPY_PHASE_STRIP = NO;
				DEBUG_INFORMATION_FORMAT = dwarf;
				ENABLE_STRICT_OBJC_MSGSEND = YES;
				ENABLE_TESTABILITY = YES;
				GCC_C_LANGUAGE_STANDARD = gnu11;
				GCC_DYNAMIC_NO_PIC = NO;
				GCC_NO_COMMON_BLOCKS = YES;
				GCC_OPTIMIZATION_LEVEL = 0;
				GCC_PREPROCESSOR_DEFINITIONS = (
					"DEBUG=1",
					"$(inherited)",
				);
				GCC_WARN_64_TO_32_BIT_CONVERSION = YES;
				GCC_WARN_ABOUT_RETURN_TYPE = YES_ERROR;
				GCC_WARN_UNDECLARED_SELECTOR = YES;
				GCC_WARN_UNINITIALIZED_AUTOS = YES_AGGRESSIVE;
				GCC_WARN_UNUSED_FUNCTION = YES;
				GCC_WARN_UNUSED_VARIABLE = YES;
				IPHONEOS_DEPLOYMENT_TARGET = 13.4;
				MTL_ENABLE_DEBUG_INFO = INCLUDE_SOURCE;
				MTL_FAST_MATH = YES;
				ONLY_ACTIVE_ARCH = YES;
				SDKROOT = iphoneos;
				SWIFT_ACTIVE_COMPILATION_CONDITIONS = DEBUG;
				SWIFT_OPTIMIZATION_LEVEL = "-Onone";
			};
			name = Debug;
		};
		AC8826C3246B521B00EE06B2 /* Release */ = {
			isa = XCBuildConfiguration;
			buildSettings = {
				ALWAYS_SEARCH_USER_PATHS = NO;
				CLANG_ANALYZER_NONNULL = YES;
				CLANG_ANALYZER_NUMBER_OBJECT_CONVERSION = YES_AGGRESSIVE;
				CLANG_CXX_LANGUAGE_STANDARD = "gnu++14";
				CLANG_CXX_LIBRARY = "libc++";
				CLANG_ENABLE_MODULES = YES;
				CLANG_ENABLE_OBJC_ARC = YES;
				CLANG_ENABLE_OBJC_WEAK = YES;
				CLANG_WARN_BLOCK_CAPTURE_AUTORELEASING = YES;
				CLANG_WARN_BOOL_CONVERSION = YES;
				CLANG_WARN_COMMA = YES;
				CLANG_WARN_CONSTANT_CONVERSION = YES;
				CLANG_WARN_DEPRECATED_OBJC_IMPLEMENTATIONS = YES;
				CLANG_WARN_DIRECT_OBJC_ISA_USAGE = YES_ERROR;
				CLANG_WARN_DOCUMENTATION_COMMENTS = YES;
				CLANG_WARN_EMPTY_BODY = YES;
				CLANG_WARN_ENUM_CONVERSION = YES;
				CLANG_WARN_INFINITE_RECURSION = YES;
				CLANG_WARN_INT_CONVERSION = YES;
				CLANG_WARN_NON_LITERAL_NULL_CONVERSION = YES;
				CLANG_WARN_OBJC_IMPLICIT_RETAIN_SELF = YES;
				CLANG_WARN_OBJC_LITERAL_CONVERSION = YES;
				CLANG_WARN_OBJC_ROOT_CLASS = YES_ERROR;
				CLANG_WARN_RANGE_LOOP_ANALYSIS = YES;
				CLANG_WARN_STRICT_PROTOTYPES = YES;
				CLANG_WARN_SUSPICIOUS_MOVE = YES;
				CLANG_WARN_UNGUARDED_AVAILABILITY = YES_AGGRESSIVE;
				CLANG_WARN_UNREACHABLE_CODE = YES;
				CLANG_WARN__DUPLICATE_METHOD_MATCH = YES;
				COPY_PHASE_STRIP = NO;
				DEBUG_INFORMATION_FORMAT = "dwarf-with-dsym";
				ENABLE_NS_ASSERTIONS = NO;
				ENABLE_STRICT_OBJC_MSGSEND = YES;
				GCC_C_LANGUAGE_STANDARD = gnu11;
				GCC_NO_COMMON_BLOCKS = YES;
				GCC_WARN_64_TO_32_BIT_CONVERSION = YES;
				GCC_WARN_ABOUT_RETURN_TYPE = YES_ERROR;
				GCC_WARN_UNDECLARED_SELECTOR = YES;
				GCC_WARN_UNINITIALIZED_AUTOS = YES_AGGRESSIVE;
				GCC_WARN_UNUSED_FUNCTION = YES;
				GCC_WARN_UNUSED_VARIABLE = YES;
				IPHONEOS_DEPLOYMENT_TARGET = 13.4;
				MTL_ENABLE_DEBUG_INFO = NO;
				MTL_FAST_MATH = YES;
				SDKROOT = iphoneos;
				SWIFT_COMPILATION_MODE = wholemodule;
				SWIFT_OPTIMIZATION_LEVEL = "-O";
				VALIDATE_PRODUCT = YES;
			};
			name = Release;
		};
		AC8826C5246B521B00EE06B2 /* Debug */ = {
			isa = XCBuildConfiguration;
			buildSettings = {
				ASSETCATALOG_COMPILER_APPICON_NAME = AppIcon;
				CODE_SIGN_STYLE = Automatic;
				DEVELOPMENT_TEAM = Y56L8SS28B;
				INFOPLIST_FILE = "LeBaluchon/Supporting Files/Info.plist";
				IPHONEOS_DEPLOYMENT_TARGET = 13.4;
				LD_RUNPATH_SEARCH_PATHS = (
					"$(inherited)",
					"@executable_path/Frameworks",
				);
				PRODUCT_BUNDLE_IDENTIFIER = com.poudja.LeBaluchon;
				PRODUCT_NAME = "$(TARGET_NAME)";
				SWIFT_VERSION = 5.0;
				TARGETED_DEVICE_FAMILY = "1,2";
			};
			name = Debug;
		};
		AC8826C6246B521B00EE06B2 /* Release */ = {
			isa = XCBuildConfiguration;
			buildSettings = {
				ASSETCATALOG_COMPILER_APPICON_NAME = AppIcon;
				CODE_SIGN_STYLE = Automatic;
				DEVELOPMENT_TEAM = Y56L8SS28B;
				INFOPLIST_FILE = "LeBaluchon/Supporting Files/Info.plist";
				IPHONEOS_DEPLOYMENT_TARGET = 13.4;
				LD_RUNPATH_SEARCH_PATHS = (
					"$(inherited)",
					"@executable_path/Frameworks",
				);
				PRODUCT_BUNDLE_IDENTIFIER = com.poudja.LeBaluchon;
				PRODUCT_NAME = "$(TARGET_NAME)";
				SWIFT_VERSION = 5.0;
				TARGETED_DEVICE_FAMILY = "1,2";
			};
			name = Release;
		};
		AC8826C8246B521B00EE06B2 /* Debug */ = {
			isa = XCBuildConfiguration;
			buildSettings = {
				ALWAYS_EMBED_SWIFT_STANDARD_LIBRARIES = YES;
				BUNDLE_LOADER = "$(TEST_HOST)";
				CODE_SIGN_STYLE = Automatic;
				DEVELOPMENT_TEAM = Y56L8SS28B;
				INFOPLIST_FILE = LeBaluchonTests/Info.plist;
				IPHONEOS_DEPLOYMENT_TARGET = 13.4;
				LD_RUNPATH_SEARCH_PATHS = (
					"$(inherited)",
					"@executable_path/Frameworks",
					"@loader_path/Frameworks",
				);
				PRODUCT_BUNDLE_IDENTIFIER = com.poudja.LeBaluchonTests;
				PRODUCT_NAME = "$(TARGET_NAME)";
				SWIFT_VERSION = 5.0;
				TARGETED_DEVICE_FAMILY = "1,2";
				TEST_HOST = "$(BUILT_PRODUCTS_DIR)/LeBaluchon.app/LeBaluchon";
			};
			name = Debug;
		};
		AC8826C9246B521B00EE06B2 /* Release */ = {
			isa = XCBuildConfiguration;
			buildSettings = {
				ALWAYS_EMBED_SWIFT_STANDARD_LIBRARIES = YES;
				BUNDLE_LOADER = "$(TEST_HOST)";
				CODE_SIGN_STYLE = Automatic;
				DEVELOPMENT_TEAM = Y56L8SS28B;
				INFOPLIST_FILE = LeBaluchonTests/Info.plist;
				IPHONEOS_DEPLOYMENT_TARGET = 13.4;
				LD_RUNPATH_SEARCH_PATHS = (
					"$(inherited)",
					"@executable_path/Frameworks",
					"@loader_path/Frameworks",
				);
				PRODUCT_BUNDLE_IDENTIFIER = com.poudja.LeBaluchonTests;
				PRODUCT_NAME = "$(TARGET_NAME)";
				SWIFT_VERSION = 5.0;
				TARGETED_DEVICE_FAMILY = "1,2";
				TEST_HOST = "$(BUILT_PRODUCTS_DIR)/LeBaluchon.app/LeBaluchon";
			};
			name = Release;
		};
/* End XCBuildConfiguration section */

/* Begin XCConfigurationList section */
		AC8826A0246B521900EE06B2 /* Build configuration list for PBXProject "LeBaluchon" */ = {
			isa = XCConfigurationList;
			buildConfigurations = (
				AC8826C2246B521B00EE06B2 /* Debug */,
				AC8826C3246B521B00EE06B2 /* Release */,
			);
			defaultConfigurationIsVisible = 0;
			defaultConfigurationName = Release;
		};
		AC8826C4246B521B00EE06B2 /* Build configuration list for PBXNativeTarget "LeBaluchon" */ = {
			isa = XCConfigurationList;
			buildConfigurations = (
				AC8826C5246B521B00EE06B2 /* Debug */,
				AC8826C6246B521B00EE06B2 /* Release */,
			);
			defaultConfigurationIsVisible = 0;
			defaultConfigurationName = Release;
		};
		AC8826C7246B521B00EE06B2 /* Build configuration list for PBXNativeTarget "LeBaluchonTests" */ = {
			isa = XCConfigurationList;
			buildConfigurations = (
				AC8826C8246B521B00EE06B2 /* Debug */,
				AC8826C9246B521B00EE06B2 /* Release */,
			);
			defaultConfigurationIsVisible = 0;
			defaultConfigurationName = Release;
		};
/* End XCConfigurationList section */
	};
	rootObject = AC88269D246B521900EE06B2 /* Project object */;
}
