// !$*UTF8*$!
{
	archiveVersion = 1;
	classes = {
	};
	objectVersion = 50;
	objects = {

/* Begin PBXBuildFile section */
		AC0C7E8F2491532300908891 /* TranslationUrlProviderStub.swift in Sources */ = {isa = PBXBuildFile; fileRef = AC0C7E8E2491532300908891 /* TranslationUrlProviderStub.swift */; };
		AC0C7E91249153AD00908891 /* WeatherUrlProviderStub.swift in Sources */ = {isa = PBXBuildFile; fileRef = AC0C7E90249153AD00908891 /* WeatherUrlProviderStub.swift */; };
		AC0F62B624892A4E00187062 /* CurrencyUrlProviderImplementation.swift in Sources */ = {isa = PBXBuildFile; fileRef = AC0F62B524892A4E00187062 /* CurrencyUrlProviderImplementation.swift */; };
		AC0F62B824892A8500187062 /* TranslationUrlProviderImplementation.swift in Sources */ = {isa = PBXBuildFile; fileRef = AC0F62B724892A8500187062 /* TranslationUrlProviderImplementation.swift */; };
		AC0F62BA24892AB100187062 /* WeatherUrlProviderImplementation.swift in Sources */ = {isa = PBXBuildFile; fileRef = AC0F62B924892AB100187062 /* WeatherUrlProviderImplementation.swift */; };
		AC0F62BC24892BBC00187062 /* CurrencyUrlProvider.swift in Sources */ = {isa = PBXBuildFile; fileRef = AC0F62BB24892BBC00187062 /* CurrencyUrlProvider.swift */; };
		AC0F62BE24892C3900187062 /* TranslationUrlProvider.swift in Sources */ = {isa = PBXBuildFile; fileRef = AC0F62BD24892C3900187062 /* TranslationUrlProvider.swift */; };
		AC0F62C324892CB900187062 /* WeatherUrlProvider.swift in Sources */ = {isa = PBXBuildFile; fileRef = AC0F62C224892CB900187062 /* WeatherUrlProvider.swift */; };
		AC0F62C62489820500187062 /* WeatherTableViewDelegate.swift in Sources */ = {isa = PBXBuildFile; fileRef = AC0F62C52489820400187062 /* WeatherTableViewDelegate.swift */; };
		AC1A4A462492B98F00C72EF7 /* CellId.swift in Sources */ = {isa = PBXBuildFile; fileRef = AC1A4A452492B98F00C72EF7 /* CellId.swift */; };
		AC3FC4CA246C86300058581D /* WeatherResult.swift in Sources */ = {isa = PBXBuildFile; fileRef = AC3FC4C9246C86300058581D /* WeatherResult.swift */; };
		AC3FC4CE24701C8A0058581D /* NetworkError.swift in Sources */ = {isa = PBXBuildFile; fileRef = AC3FC4CD24701C8A0058581D /* NetworkError.swift */; };
		AC3FC4D4247195BE0058581D /* TranslationResult.swift in Sources */ = {isa = PBXBuildFile; fileRef = AC3FC4D3247195BE0058581D /* TranslationResult.swift */; };
		AC58FFA32486BC41006E7178 /* Currency.json in Resources */ = {isa = PBXBuildFile; fileRef = AC58FFA22486BC41006E7178 /* Currency.json */; };
		AC58FFA52486BC54006E7178 /* Translation.json in Resources */ = {isa = PBXBuildFile; fileRef = AC58FFA42486BC54006E7178 /* Translation.json */; };
		AC58FFA72486BC5D006E7178 /* Weather.json in Resources */ = {isa = PBXBuildFile; fileRef = AC58FFA62486BC5D006E7178 /* Weather.json */; };
		AC58FFA92486BD0E006E7178 /* FakeResponseData.swift in Sources */ = {isa = PBXBuildFile; fileRef = AC58FFA82486BD0E006E7178 /* FakeResponseData.swift */; };
		AC58FFAB2486BE5E006E7178 /* URLSessionFake.swift in Sources */ = {isa = PBXBuildFile; fileRef = AC58FFAA2486BE5E006E7178 /* URLSessionFake.swift */; };
		AC8826A9246B521900EE06B2 /* AppDelegate.swift in Sources */ = {isa = PBXBuildFile; fileRef = AC8826A8246B521900EE06B2 /* AppDelegate.swift */; };
		AC8826B0246B521900EE06B2 /* Main.storyboard in Resources */ = {isa = PBXBuildFile; fileRef = AC8826AE246B521900EE06B2 /* Main.storyboard */; };
		AC8826B2246B521B00EE06B2 /* Assets.xcassets in Resources */ = {isa = PBXBuildFile; fileRef = AC8826B1246B521B00EE06B2 /* Assets.xcassets */; };
		AC8826B5246B521B00EE06B2 /* LaunchScreen.storyboard in Resources */ = {isa = PBXBuildFile; fileRef = AC8826B3246B521B00EE06B2 /* LaunchScreen.storyboard */; };
		AC8826CF246B532100EE06B2 /* CurrencyViewController.swift in Sources */ = {isa = PBXBuildFile; fileRef = AC8826CE246B532100EE06B2 /* CurrencyViewController.swift */; };
		AC8826D1246B533200EE06B2 /* TranslationViewController.swift in Sources */ = {isa = PBXBuildFile; fileRef = AC8826D0246B533200EE06B2 /* TranslationViewController.swift */; };
		AC8826D3246B533E00EE06B2 /* WeatherTableViewController.swift in Sources */ = {isa = PBXBuildFile; fileRef = AC8826D2246B533E00EE06B2 /* WeatherTableViewController.swift */; };
		AC8826D5246B543D00EE06B2 /* NetworkServiceImplementation.swift in Sources */ = {isa = PBXBuildFile; fileRef = AC8826D4246B543D00EE06B2 /* NetworkServiceImplementation.swift */; };
		AC8826D7246B545F00EE06B2 /* CurrencyNetworkManager.swift in Sources */ = {isa = PBXBuildFile; fileRef = AC8826D6246B545F00EE06B2 /* CurrencyNetworkManager.swift */; };
		AC8826D9246B548200EE06B2 /* TranslationNetworkManager.swift in Sources */ = {isa = PBXBuildFile; fileRef = AC8826D8246B548200EE06B2 /* TranslationNetworkManager.swift */; };
		AC8826DB246B549E00EE06B2 /* WeatherNetworkManager.swift in Sources */ = {isa = PBXBuildFile; fileRef = AC8826DA246B549E00EE06B2 /* WeatherNetworkManager.swift */; };
		AC8826DD246B752D00EE06B2 /* CurrencyLatestResult.swift in Sources */ = {isa = PBXBuildFile; fileRef = AC8826DC246B752D00EE06B2 /* CurrencyLatestResult.swift */; };
		AC89E3C7247832E2008F9E89 /* Service.swift in Sources */ = {isa = PBXBuildFile; fileRef = AC89E3C6247832E2008F9E89 /* Service.swift */; };
		AC89E3C924783309008F9E89 /* City.swift in Sources */ = {isa = PBXBuildFile; fileRef = AC89E3C824783309008F9E89 /* City.swift */; };
		AC89E3D024783464008F9E89 /* ServiceContainer.swift in Sources */ = {isa = PBXBuildFile; fileRef = AC89E3CF24783464008F9E89 /* ServiceContainer.swift */; };
		AC89E3D3247FE281008F9E89 /* AlertManager.swift in Sources */ = {isa = PBXBuildFile; fileRef = AC89E3D2247FE281008F9E89 /* AlertManager.swift */; };
		AC89E3D6248014BF008F9E89 /* NetworkService.swift in Sources */ = {isa = PBXBuildFile; fileRef = AC89E3D5248014BF008F9E89 /* NetworkService.swift */; };
		AC89E3DA24818F00008F9E89 /* WeatherTableViewCell.swift in Sources */ = {isa = PBXBuildFile; fileRef = AC89E3D924818F00008F9E89 /* WeatherTableViewCell.swift */; };
		ACB248AC2491250100164AF2 /* CurrencyTests.swift in Sources */ = {isa = PBXBuildFile; fileRef = ACB248AB2491250100164AF2 /* CurrencyTests.swift */; };
		ACB248AE249125D000164AF2 /* TranslationTests.swift in Sources */ = {isa = PBXBuildFile; fileRef = ACB248AD249125D000164AF2 /* TranslationTests.swift */; };
		ACB248B02491265B00164AF2 /* WeatherTests.swift in Sources */ = {isa = PBXBuildFile; fileRef = ACB248AF2491265B00164AF2 /* WeatherTests.swift */; };
		ACC7518524884CB5009B60BC /* WeatherTableViewDataSource.swift in Sources */ = {isa = PBXBuildFile; fileRef = ACC7518424884CB5009B60BC /* WeatherTableViewDataSource.swift */; };
		ACE89C0B2491295F002BD961 /* CurrencyUrlProviderStub.swift in Sources */ = {isa = PBXBuildFile; fileRef = ACE89C0A2491295F002BD961 /* CurrencyUrlProviderStub.swift */; };
		ACE89C0D24912BA8002BD961 /* IncorrectCurrency.json in Resources */ = {isa = PBXBuildFile; fileRef = ACE89C0C24912BA8002BD961 /* IncorrectCurrency.json */; };
		ACE89C0F249144D5002BD961 /* IncorrectTranslation.json in Resources */ = {isa = PBXBuildFile; fileRef = ACE89C0E249144D5002BD961 /* IncorrectTranslation.json */; };
		ACE89C1124914CDE002BD961 /* IncorrectWeather.json in Resources */ = {isa = PBXBuildFile; fileRef = ACE89C1024914CDE002BD961 /* IncorrectWeather.json */; };
/* End PBXBuildFile section */

/* Begin PBXContainerItemProxy section */
		AC8826BC246B521B00EE06B2 /* PBXContainerItemProxy */ = {
			isa = PBXContainerItemProxy;
			containerPortal = AC88269D246B521900EE06B2 /* Project object */;
			proxyType = 1;
			remoteGlobalIDString = AC8826A4246B521900EE06B2;
			remoteInfo = LeBaluchon;
		};
/* End PBXContainerItemProxy section */

/* Begin PBXFileReference section */
		AC0C7E8E2491532300908891 /* TranslationUrlProviderStub.swift */ = {isa = PBXFileReference; lastKnownFileType = sourcecode.swift; path = TranslationUrlProviderStub.swift; sourceTree = "<group>"; };
		AC0C7E90249153AD00908891 /* WeatherUrlProviderStub.swift */ = {isa = PBXFileReference; lastKnownFileType = sourcecode.swift; path = WeatherUrlProviderStub.swift; sourceTree = "<group>"; };
		AC0F62B524892A4E00187062 /* CurrencyUrlProviderImplementation.swift */ = {isa = PBXFileReference; lastKnownFileType = sourcecode.swift; path = CurrencyUrlProviderImplementation.swift; sourceTree = "<group>"; };
		AC0F62B724892A8500187062 /* TranslationUrlProviderImplementation.swift */ = {isa = PBXFileReference; lastKnownFileType = sourcecode.swift; path = TranslationUrlProviderImplementation.swift; sourceTree = "<group>"; };
		AC0F62B924892AB100187062 /* WeatherUrlProviderImplementation.swift */ = {isa = PBXFileReference; lastKnownFileType = sourcecode.swift; path = WeatherUrlProviderImplementation.swift; sourceTree = "<group>"; };
		AC0F62BB24892BBC00187062 /* CurrencyUrlProvider.swift */ = {isa = PBXFileReference; lastKnownFileType = sourcecode.swift; path = CurrencyUrlProvider.swift; sourceTree = "<group>"; };
		AC0F62BD24892C3900187062 /* TranslationUrlProvider.swift */ = {isa = PBXFileReference; lastKnownFileType = sourcecode.swift; path = TranslationUrlProvider.swift; sourceTree = "<group>"; };
		AC0F62C224892CB900187062 /* WeatherUrlProvider.swift */ = {isa = PBXFileReference; lastKnownFileType = sourcecode.swift; path = WeatherUrlProvider.swift; sourceTree = "<group>"; };
		AC0F62C52489820400187062 /* WeatherTableViewDelegate.swift */ = {isa = PBXFileReference; lastKnownFileType = sourcecode.swift; path = WeatherTableViewDelegate.swift; sourceTree = "<group>"; };
		AC1A4A452492B98F00C72EF7 /* CellId.swift */ = {isa = PBXFileReference; lastKnownFileType = sourcecode.swift; path = CellId.swift; sourceTree = "<group>"; };
		AC3FC4C9246C86300058581D /* WeatherResult.swift */ = {isa = PBXFileReference; lastKnownFileType = sourcecode.swift; path = WeatherResult.swift; sourceTree = "<group>"; };
		AC3FC4CD24701C8A0058581D /* NetworkError.swift */ = {isa = PBXFileReference; lastKnownFileType = sourcecode.swift; path = NetworkError.swift; sourceTree = "<group>"; };
		AC3FC4D3247195BE0058581D /* TranslationResult.swift */ = {isa = PBXFileReference; lastKnownFileType = sourcecode.swift; path = TranslationResult.swift; sourceTree = "<group>"; };
		AC58FFA22486BC41006E7178 /* Currency.json */ = {isa = PBXFileReference; lastKnownFileType = text.json; path = Currency.json; sourceTree = "<group>"; };
		AC58FFA42486BC54006E7178 /* Translation.json */ = {isa = PBXFileReference; lastKnownFileType = text.json; path = Translation.json; sourceTree = "<group>"; };
		AC58FFA62486BC5D006E7178 /* Weather.json */ = {isa = PBXFileReference; lastKnownFileType = text.json; path = Weather.json; sourceTree = "<group>"; };
		AC58FFA82486BD0E006E7178 /* FakeResponseData.swift */ = {isa = PBXFileReference; lastKnownFileType = sourcecode.swift; path = FakeResponseData.swift; sourceTree = "<group>"; };
		AC58FFAA2486BE5E006E7178 /* URLSessionFake.swift */ = {isa = PBXFileReference; lastKnownFileType = sourcecode.swift; path = URLSessionFake.swift; sourceTree = "<group>"; };
		AC8826A5246B521900EE06B2 /* LeBaluchon.app */ = {isa = PBXFileReference; explicitFileType = wrapper.application; includeInIndex = 0; path = LeBaluchon.app; sourceTree = BUILT_PRODUCTS_DIR; };
		AC8826A8246B521900EE06B2 /* AppDelegate.swift */ = {isa = PBXFileReference; lastKnownFileType = sourcecode.swift; path = AppDelegate.swift; sourceTree = "<group>"; };
		AC8826AF246B521900EE06B2 /* Base */ = {isa = PBXFileReference; lastKnownFileType = file.storyboard; name = Base; path = Base.lproj/Main.storyboard; sourceTree = "<group>"; };
		AC8826B1246B521B00EE06B2 /* Assets.xcassets */ = {isa = PBXFileReference; lastKnownFileType = folder.assetcatalog; path = Assets.xcassets; sourceTree = "<group>"; };
		AC8826B4246B521B00EE06B2 /* Base */ = {isa = PBXFileReference; lastKnownFileType = file.storyboard; name = Base; path = Base.lproj/LaunchScreen.storyboard; sourceTree = "<group>"; };
		AC8826B6246B521B00EE06B2 /* Info.plist */ = {isa = PBXFileReference; lastKnownFileType = text.plist.xml; path = Info.plist; sourceTree = "<group>"; };
		AC8826BB246B521B00EE06B2 /* LeBaluchonTests.xctest */ = {isa = PBXFileReference; explicitFileType = wrapper.cfbundle; includeInIndex = 0; path = LeBaluchonTests.xctest; sourceTree = BUILT_PRODUCTS_DIR; };
		AC8826C1246B521B00EE06B2 /* Info.plist */ = {isa = PBXFileReference; lastKnownFileType = text.plist.xml; path = Info.plist; sourceTree = "<group>"; };
		AC8826CE246B532100EE06B2 /* CurrencyViewController.swift */ = {isa = PBXFileReference; lastKnownFileType = sourcecode.swift; path = CurrencyViewController.swift; sourceTree = "<group>"; };
		AC8826D0246B533200EE06B2 /* TranslationViewController.swift */ = {isa = PBXFileReference; lastKnownFileType = sourcecode.swift; path = TranslationViewController.swift; sourceTree = "<group>"; };
		AC8826D2246B533E00EE06B2 /* WeatherTableViewController.swift */ = {isa = PBXFileReference; lastKnownFileType = sourcecode.swift; path = WeatherTableViewController.swift; sourceTree = "<group>"; };
		AC8826D4246B543D00EE06B2 /* NetworkServiceImplementation.swift */ = {isa = PBXFileReference; lastKnownFileType = sourcecode.swift; path = NetworkServiceImplementation.swift; sourceTree = "<group>"; };
		AC8826D6246B545F00EE06B2 /* CurrencyNetworkManager.swift */ = {isa = PBXFileReference; lastKnownFileType = sourcecode.swift; path = CurrencyNetworkManager.swift; sourceTree = "<group>"; };
		AC8826D8246B548200EE06B2 /* TranslationNetworkManager.swift */ = {isa = PBXFileReference; lastKnownFileType = sourcecode.swift; path = TranslationNetworkManager.swift; sourceTree = "<group>"; };
		AC8826DA246B549E00EE06B2 /* WeatherNetworkManager.swift */ = {isa = PBXFileReference; lastKnownFileType = sourcecode.swift; path = WeatherNetworkManager.swift; sourceTree = "<group>"; };
		AC8826DC246B752D00EE06B2 /* CurrencyLatestResult.swift */ = {isa = PBXFileReference; lastKnownFileType = sourcecode.swift; path = CurrencyLatestResult.swift; sourceTree = "<group>"; };
		AC89E3C6247832E2008F9E89 /* Service.swift */ = {isa = PBXFileReference; lastKnownFileType = sourcecode.swift; path = Service.swift; sourceTree = "<group>"; };
		AC89E3C824783309008F9E89 /* City.swift */ = {isa = PBXFileReference; lastKnownFileType = sourcecode.swift; path = City.swift; sourceTree = "<group>"; };
		AC89E3CF24783464008F9E89 /* ServiceContainer.swift */ = {isa = PBXFileReference; lastKnownFileType = sourcecode.swift; path = ServiceContainer.swift; sourceTree = "<group>"; };
		AC89E3D2247FE281008F9E89 /* AlertManager.swift */ = {isa = PBXFileReference; lastKnownFileType = sourcecode.swift; path = AlertManager.swift; sourceTree = "<group>"; };
		AC89E3D5248014BF008F9E89 /* NetworkService.swift */ = {isa = PBXFileReference; lastKnownFileType = sourcecode.swift; path = NetworkService.swift; sourceTree = "<group>"; };
		AC89E3D924818F00008F9E89 /* WeatherTableViewCell.swift */ = {isa = PBXFileReference; lastKnownFileType = sourcecode.swift; path = WeatherTableViewCell.swift; sourceTree = "<group>"; };
		ACB248AB2491250100164AF2 /* CurrencyTests.swift */ = {isa = PBXFileReference; lastKnownFileType = sourcecode.swift; path = CurrencyTests.swift; sourceTree = "<group>"; };
		ACB248AD249125D000164AF2 /* TranslationTests.swift */ = {isa = PBXFileReference; lastKnownFileType = sourcecode.swift; path = TranslationTests.swift; sourceTree = "<group>"; };
		ACB248AF2491265B00164AF2 /* WeatherTests.swift */ = {isa = PBXFileReference; lastKnownFileType = sourcecode.swift; path = WeatherTests.swift; sourceTree = "<group>"; };
		ACC7518424884CB5009B60BC /* WeatherTableViewDataSource.swift */ = {isa = PBXFileReference; lastKnownFileType = sourcecode.swift; path = WeatherTableViewDataSource.swift; sourceTree = "<group>"; };
		ACE89C0A2491295F002BD961 /* CurrencyUrlProviderStub.swift */ = {isa = PBXFileReference; lastKnownFileType = sourcecode.swift; path = CurrencyUrlProviderStub.swift; sourceTree = "<group>"; };
		ACE89C0C24912BA8002BD961 /* IncorrectCurrency.json */ = {isa = PBXFileReference; lastKnownFileType = text.json; path = IncorrectCurrency.json; sourceTree = "<group>"; };
		ACE89C0E249144D5002BD961 /* IncorrectTranslation.json */ = {isa = PBXFileReference; lastKnownFileType = text.json; path = IncorrectTranslation.json; sourceTree = "<group>"; };
		ACE89C1024914CDE002BD961 /* IncorrectWeather.json */ = {isa = PBXFileReference; lastKnownFileType = text.json; path = IncorrectWeather.json; sourceTree = "<group>"; };
/* End PBXFileReference section */

/* Begin PBXFrameworksBuildPhase section */
		AC8826A2246B521900EE06B2 /* Frameworks */ = {
			isa = PBXFrameworksBuildPhase;
			buildActionMask = 2147483647;
			files = (
			);
			runOnlyForDeploymentPostprocessing = 0;
		};
		AC8826B8246B521B00EE06B2 /* Frameworks */ = {
			isa = PBXFrameworksBuildPhase;
			buildActionMask = 2147483647;
			files = (
			);
			runOnlyForDeploymentPostprocessing = 0;
		};
/* End PBXFrameworksBuildPhase section */

/* Begin PBXGroup section */
		AC0F62BF24892C7000187062 /* CurrencyUrlProvider */ = {
			isa = PBXGroup;
			children = (
				AC0F62BB24892BBC00187062 /* CurrencyUrlProvider.swift */,
				AC0F62B524892A4E00187062 /* CurrencyUrlProviderImplementation.swift */,
				ACE89C0A2491295F002BD961 /* CurrencyUrlProviderStub.swift */,
			);
			path = CurrencyUrlProvider;
			sourceTree = "<group>";
		};
		AC0F62C024892C8000187062 /* TranslationUrlProvider */ = {
			isa = PBXGroup;
			children = (
				AC0F62BD24892C3900187062 /* TranslationUrlProvider.swift */,
				AC0F62B724892A8500187062 /* TranslationUrlProviderImplementation.swift */,
				AC0C7E8E2491532300908891 /* TranslationUrlProviderStub.swift */,
			);
			path = TranslationUrlProvider;
			sourceTree = "<group>";
		};
		AC0F62C124892C9300187062 /* WeatherUrlProvider */ = {
			isa = PBXGroup;
			children = (
				AC0F62C224892CB900187062 /* WeatherUrlProvider.swift */,
				AC0F62B924892AB100187062 /* WeatherUrlProviderImplementation.swift */,
				AC0C7E90249153AD00908891 /* WeatherUrlProviderStub.swift */,
			);
			path = WeatherUrlProvider;
			sourceTree = "<group>";
		};
		AC0F62C4248981E200187062 /* TableViewManager */ = {
			isa = PBXGroup;
			children = (
				ACC7518424884CB5009B60BC /* WeatherTableViewDataSource.swift */,
				AC0F62C52489820400187062 /* WeatherTableViewDelegate.swift */,
				AC89E3D924818F00008F9E89 /* WeatherTableViewCell.swift */,
			);
			path = TableViewManager;
			sourceTree = "<group>";
		};
		AC3FC4D52471AD750058581D /* NetworkManagers */ = {
			isa = PBXGroup;
			children = (
				AC8826D6246B545F00EE06B2 /* CurrencyNetworkManager.swift */,
				AC8826D8246B548200EE06B2 /* TranslationNetworkManager.swift */,
				AC8826DA246B549E00EE06B2 /* WeatherNetworkManager.swift */,
			);
			path = NetworkManagers;
			sourceTree = "<group>";
		};
		AC3FC4D62471AD8F0058581D /* Structs */ = {
			isa = PBXGroup;
			children = (
				AC8826DC246B752D00EE06B2 /* CurrencyLatestResult.swift */,
				AC3FC4D3247195BE0058581D /* TranslationResult.swift */,
				AC3FC4C9246C86300058581D /* WeatherResult.swift */,
			);
			path = Structs;
			sourceTree = "<group>";
		};
		AC3FC4D72471ADD70058581D /* Enums */ = {
			isa = PBXGroup;
			children = (
				AC3FC4CD24701C8A0058581D /* NetworkError.swift */,
				AC89E3C6247832E2008F9E89 /* Service.swift */,
				AC89E3C824783309008F9E89 /* City.swift */,
				AC1A4A452492B98F00C72EF7 /* CellId.swift */,
			);
			path = Enums;
			sourceTree = "<group>";
		};
		AC88269C246B521900EE06B2 = {
			isa = PBXGroup;
			children = (
				AC8826A7246B521900EE06B2 /* LeBaluchon */,
				AC8826BE246B521B00EE06B2 /* LeBaluchonTests */,
				AC8826A6246B521900EE06B2 /* Products */,
			);
			sourceTree = "<group>";
		};
		AC8826A6246B521900EE06B2 /* Products */ = {
			isa = PBXGroup;
			children = (
				AC8826A5246B521900EE06B2 /* LeBaluchon.app */,
				AC8826BB246B521B00EE06B2 /* LeBaluchonTests.xctest */,
			);
			name = Products;
			sourceTree = "<group>";
		};
		AC8826A7246B521900EE06B2 /* LeBaluchon */ = {
			isa = PBXGroup;
			children = (
				AC8826CD246B524900EE06B2 /* Controllers */,
				AC8826CC246B524300EE06B2 /* View */,
				AC8826CB246B523A00EE06B2 /* Model */,
				AC8826CA246B522D00EE06B2 /* Supporting Files */,
			);
			path = LeBaluchon;
			sourceTree = "<group>";
		};
		AC8826BE246B521B00EE06B2 /* LeBaluchonTests */ = {
			isa = PBXGroup;
			children = (
				ACB248B12491277C00164AF2 /* Tests */,
				ACCDC8372488640500EA5C54 /* JSONResponses */,
				ACCDC8382488642C00EA5C54 /* Doubles */,
				AC8826C1246B521B00EE06B2 /* Info.plist */,
			);
			path = LeBaluchonTests;
			sourceTree = "<group>";
		};
		AC8826CA246B522D00EE06B2 /* Supporting Files */ = {
			isa = PBXGroup;
			children = (
				AC8826A8246B521900EE06B2 /* AppDelegate.swift */,
				AC8826B1246B521B00EE06B2 /* Assets.xcassets */,
				AC8826B6246B521B00EE06B2 /* Info.plist */,
			);
			path = "Supporting Files";
			sourceTree = "<group>";
		};
		AC8826CB246B523A00EE06B2 /* Model */ = {
			isa = PBXGroup;
			children = (
				ACC7518624884CF4009B60BC /* ViewManagers */,
				ACC7518924884D83009B60BC /* BusinessLogic */,
			);
			path = Model;
			sourceTree = "<group>";
		};
		AC8826CC246B524300EE06B2 /* View */ = {
			isa = PBXGroup;
			children = (
				AC8826AE246B521900EE06B2 /* Main.storyboard */,
				AC8826B3246B521B00EE06B2 /* LaunchScreen.storyboard */,
			);
			path = View;
			sourceTree = "<group>";
		};
		AC8826CD246B524900EE06B2 /* Controllers */ = {
			isa = PBXGroup;
			children = (
				AC8826CE246B532100EE06B2 /* CurrencyViewController.swift */,
				AC8826D0246B533200EE06B2 /* TranslationViewController.swift */,
				AC8826D2246B533E00EE06B2 /* WeatherTableViewController.swift */,
			);
			path = Controllers;
			sourceTree = "<group>";
		};
		AC89E3CA247833A5008F9E89 /* URLProviders */ = {
			isa = PBXGroup;
			children = (
				AC0F62BF24892C7000187062 /* CurrencyUrlProvider */,
				AC0F62C024892C8000187062 /* TranslationUrlProvider */,
				AC0F62C124892C9300187062 /* WeatherUrlProvider */,
			);
			path = URLProviders;
			sourceTree = "<group>";
		};
		AC89E3D124784FBE008F9E89 /* ServiceContainer */ = {
			isa = PBXGroup;
			children = (
				AC89E3D4248014A1008F9E89 /* NetworkService */,
				AC89E3CA247833A5008F9E89 /* URLProviders */,
				AC89E3CF24783464008F9E89 /* ServiceContainer.swift */,
			);
			path = ServiceContainer;
			sourceTree = "<group>";
		};
		AC89E3D4248014A1008F9E89 /* NetworkService */ = {
			isa = PBXGroup;
			children = (
				AC89E3D5248014BF008F9E89 /* NetworkService.swift */,
				AC8826D4246B543D00EE06B2 /* NetworkServiceImplementation.swift */,
			);
			path = NetworkService;
			sourceTree = "<group>";
		};
		ACB248B12491277C00164AF2 /* Tests */ = {
			isa = PBXGroup;
			children = (
				ACB248AB2491250100164AF2 /* CurrencyTests.swift */,
				ACB248AD249125D000164AF2 /* TranslationTests.swift */,
				ACB248AF2491265B00164AF2 /* WeatherTests.swift */,
			);
			path = Tests;
			sourceTree = "<group>";
		};
		ACB248B2249127AF00164AF2 /* Correct */ = {
			isa = PBXGroup;
			children = (
				AC58FFA22486BC41006E7178 /* Currency.json */,
				AC58FFA42486BC54006E7178 /* Translation.json */,
				AC58FFA62486BC5D006E7178 /* Weather.json */,
			);
			path = Correct;
			sourceTree = "<group>";
		};
		ACB248B3249127BB00164AF2 /* Incorrect */ = {
			isa = PBXGroup;
			children = (
				ACE89C0C24912BA8002BD961 /* IncorrectCurrency.json */,
				ACE89C0E249144D5002BD961 /* IncorrectTranslation.json */,
				ACE89C1024914CDE002BD961 /* IncorrectWeather.json */,
			);
			path = Incorrect;
			sourceTree = "<group>";
		};
		ACC7518624884CF4009B60BC /* ViewManagers */ = {
			isa = PBXGroup;
			children = (
				AC0F62C4248981E200187062 /* TableViewManager */,
				AC89E3D2247FE281008F9E89 /* AlertManager.swift */,
			);
			path = ViewManagers;
			sourceTree = "<group>";
		};
		ACC7518924884D83009B60BC /* BusinessLogic */ = {
			isa = PBXGroup;
			children = (
				AC89E3D124784FBE008F9E89 /* ServiceContainer */,
				AC3FC4D72471ADD70058581D /* Enums */,
				AC3FC4D62471AD8F0058581D /* Structs */,
				AC3FC4D52471AD750058581D /* NetworkManagers */,
			);
			path = BusinessLogic;
			sourceTree = "<group>";
		};
		ACCDC8372488640500EA5C54 /* JSONResponses */ = {
			isa = PBXGroup;
			children = (
				ACB248B2249127AF00164AF2 /* Correct */,
				ACB248B3249127BB00164AF2 /* Incorrect */,
			);
			path = JSONResponses;
			sourceTree = "<group>";
		};
		ACCDC8382488642C00EA5C54 /* Doubles */ = {
			isa = PBXGroup;
			children = (
				AC58FFA82486BD0E006E7178 /* FakeResponseData.swift */,
				AC58FFAA2486BE5E006E7178 /* URLSessionFake.swift */,
			);
			path = Doubles;
			sourceTree = "<group>";
		};
/* End PBXGroup section */

/* Begin PBXNativeTarget section */
		AC8826A4246B521900EE06B2 /* LeBaluchon */ = {
			isa = PBXNativeTarget;
			buildConfigurationList = AC8826C4246B521B00EE06B2 /* Build configuration list for PBXNativeTarget "LeBaluchon" */;
			buildPhases = (
				AC8826A1246B521900EE06B2 /* Sources */,
				AC8826A2246B521900EE06B2 /* Frameworks */,
				AC8826A3246B521900EE06B2 /* Resources */,
				AC89E3DB2484616B008F9E89 /* ShellScript */,
			);
			buildRules = (
			);
			dependencies = (
			);
			name = LeBaluchon;
			productName = LeBaluchon;
			productReference = AC8826A5246B521900EE06B2 /* LeBaluchon.app */;
			productType = "com.apple.product-type.application";
		};
		AC8826BA246B521B00EE06B2 /* LeBaluchonTests */ = {
			isa = PBXNativeTarget;
			buildConfigurationList = AC8826C7246B521B00EE06B2 /* Build configuration list for PBXNativeTarget "LeBaluchonTests" */;
			buildPhases = (
				AC8826B7246B521B00EE06B2 /* Sources */,
				AC8826B8246B521B00EE06B2 /* Frameworks */,
				AC8826B9246B521B00EE06B2 /* Resources */,
			);
			buildRules = (
			);
			dependencies = (
				AC8826BD246B521B00EE06B2 /* PBXTargetDependency */,
			);
			name = LeBaluchonTests;
			productName = LeBaluchonTests;
			productReference = AC8826BB246B521B00EE06B2 /* LeBaluchonTests.xctest */;
			productType = "com.apple.product-type.bundle.unit-test";
		};
/* End PBXNativeTarget section */

/* Begin PBXProject section */
		AC88269D246B521900EE06B2 /* Project object */ = {
			isa = PBXProject;
			attributes = {
				LastSwiftUpdateCheck = 1140;
				LastUpgradeCheck = 1140;
				ORGANIZATIONNAME = "Canessane Poudja";
				TargetAttributes = {
					AC8826A4246B521900EE06B2 = {
						CreatedOnToolsVersion = 11.4.1;
					};
					AC8826BA246B521B00EE06B2 = {
						CreatedOnToolsVersion = 11.4.1;
						TestTargetID = AC8826A4246B521900EE06B2;
					};
				};
			};
			buildConfigurationList = AC8826A0246B521900EE06B2 /* Build configuration list for PBXProject "LeBaluchon" */;
			compatibilityVersion = "Xcode 9.3";
			developmentRegion = en;
			hasScannedForEncodings = 0;
			knownRegions = (
				en,
				Base,
			);
			mainGroup = AC88269C246B521900EE06B2;
			productRefGroup = AC8826A6246B521900EE06B2 /* Products */;
			projectDirPath = "";
			projectRoot = "";
			targets = (
				AC8826A4246B521900EE06B2 /* LeBaluchon */,
				AC8826BA246B521B00EE06B2 /* LeBaluchonTests */,
			);
		};
/* End PBXProject section */

/* Begin PBXResourcesBuildPhase section */
		AC8826A3246B521900EE06B2 /* Resources */ = {
			isa = PBXResourcesBuildPhase;
			buildActionMask = 2147483647;
			files = (
				AC8826B5246B521B00EE06B2 /* LaunchScreen.storyboard in Resources */,
				AC8826B2246B521B00EE06B2 /* Assets.xcassets in Resources */,
				AC8826B0246B521900EE06B2 /* Main.storyboard in Resources */,
			);
			runOnlyForDeploymentPostprocessing = 0;
		};
		AC8826B9246B521B00EE06B2 /* Resources */ = {
			isa = PBXResourcesBuildPhase;
			buildActionMask = 2147483647;
			files = (
				AC58FFA32486BC41006E7178 /* Currency.json in Resources */,
				AC58FFA72486BC5D006E7178 /* Weather.json in Resources */,
				ACE89C1124914CDE002BD961 /* IncorrectWeather.json in Resources */,
				ACE89C0D24912BA8002BD961 /* IncorrectCurrency.json in Resources */,
				AC58FFA52486BC54006E7178 /* Translation.json in Resources */,
				ACE89C0F249144D5002BD961 /* IncorrectTranslation.json in Resources */,
			);
			runOnlyForDeploymentPostprocessing = 0;
		};
/* End PBXResourcesBuildPhase section */

/* Begin PBXShellScriptBuildPhase section */
		AC89E3DB2484616B008F9E89 /* ShellScript */ = {
			isa = PBXShellScriptBuildPhase;
			buildActionMask = 2147483647;
			files = (
			);
			inputFileListPaths = (
			);
			inputPaths = (
			);
			outputFileListPaths = (
			);
			outputPaths = (
			);
			runOnlyForDeploymentPostprocessing = 0;
			shellPath = /bin/sh;
			shellScript = "if which swiftlint >/dev/null; then\n    swiftlint\nelse\n    echo \"warning: SwiftLint not installed, download from https://github.com/realm/SwiftLint\"\nfi\n";
		};
/* End PBXShellScriptBuildPhase section */

/* Begin PBXSourcesBuildPhase section */
		AC8826A1246B521900EE06B2 /* Sources */ = {
			isa = PBXSourcesBuildPhase;
			buildActionMask = 2147483647;
			files = (
				AC8826DB246B549E00EE06B2 /* WeatherNetworkManager.swift in Sources */,
				AC89E3DA24818F00008F9E89 /* WeatherTableViewCell.swift in Sources */,
				ACC7518524884CB5009B60BC /* WeatherTableViewDataSource.swift in Sources */,
				AC8826A9246B521900EE06B2 /* AppDelegate.swift in Sources */,
				AC8826D5246B543D00EE06B2 /* NetworkServiceImplementation.swift in Sources */,
				AC3FC4CA246C86300058581D /* WeatherResult.swift in Sources */,
				AC8826DD246B752D00EE06B2 /* CurrencyLatestResult.swift in Sources */,
				AC8826D3246B533E00EE06B2 /* WeatherTableViewController.swift in Sources */,
				AC0F62BE24892C3900187062 /* TranslationUrlProvider.swift in Sources */,
				AC0F62BA24892AB100187062 /* WeatherUrlProviderImplementation.swift in Sources */,
				AC0F62B824892A8500187062 /* TranslationUrlProviderImplementation.swift in Sources */,
				AC0F62BC24892BBC00187062 /* CurrencyUrlProvider.swift in Sources */,
				AC0F62B624892A4E00187062 /* CurrencyUrlProviderImplementation.swift in Sources */,
				AC89E3C924783309008F9E89 /* City.swift in Sources */,
				AC89E3D3247FE281008F9E89 /* AlertManager.swift in Sources */,
				AC3FC4D4247195BE0058581D /* TranslationResult.swift in Sources */,
				AC0C7E91249153AD00908891 /* WeatherUrlProviderStub.swift in Sources */,
				AC8826D9246B548200EE06B2 /* TranslationNetworkManager.swift in Sources */,
				AC89E3D6248014BF008F9E89 /* NetworkService.swift in Sources */,
				ACE89C0B2491295F002BD961 /* CurrencyUrlProviderStub.swift in Sources */,
				AC1A4A462492B98F00C72EF7 /* CellId.swift in Sources */,
				AC89E3C7247832E2008F9E89 /* Service.swift in Sources */,
				AC0C7E8F2491532300908891 /* TranslationUrlProviderStub.swift in Sources */,
				AC8826D1246B533200EE06B2 /* TranslationViewController.swift in Sources */,
				AC8826CF246B532100EE06B2 /* CurrencyViewController.swift in Sources */,
				AC3FC4CE24701C8A0058581D /* NetworkError.swift in Sources */,
				AC8826D7246B545F00EE06B2 /* CurrencyNetworkManager.swift in Sources */,
				AC0F62C62489820500187062 /* WeatherTableViewDelegate.swift in Sources */,
				AC89E3D024783464008F9E89 /* ServiceContainer.swift in Sources */,
				AC0F62C324892CB900187062 /* WeatherUrlProvider.swift in Sources */,
			);
			runOnlyForDeploymentPostprocessing = 0;
		};
		AC8826B7246B521B00EE06B2 /* Sources */ = {
			isa = PBXSourcesBuildPhase;
			buildActionMask = 2147483647;
			files = (
				ACB248AC2491250100164AF2 /* CurrencyTests.swift in Sources */,
				ACB248B02491265B00164AF2 /* WeatherTests.swift in Sources */,
				ACB248AE249125D000164AF2 /* TranslationTests.swift in Sources */,
				AC58FFAB2486BE5E006E7178 /* URLSessionFake.swift in Sources */,
				AC58FFA92486BD0E006E7178 /* FakeResponseData.swift in Sources */,
			);
			runOnlyForDeploymentPostprocessing = 0;
		};
/* End PBXSourcesBuildPhase section */

/* Begin PBXTargetDependency section */
		AC8826BD246B521B00EE06B2 /* PBXTargetDependency */ = {
			isa = PBXTargetDependency;
			target = AC8826A4246B521900EE06B2 /* LeBaluchon */;
			targetProxy = AC8826BC246B521B00EE06B2 /* PBXContainerItemProxy */;
		};
/* End PBXTargetDependency section */

/* Begin PBXVariantGroup section */
		AC8826AE246B521900EE06B2 /* Main.storyboard */ = {
			isa = PBXVariantGroup;
			children = (
				AC8826AF246B521900EE06B2 /* Base */,
			);
			name = Main.storyboard;
			sourceTree = "<group>";
		};
		AC8826B3246B521B00EE06B2 /* LaunchScreen.storyboard */ = {
			isa = PBXVariantGroup;
			children = (
				AC8826B4246B521B00EE06B2 /* Base */,
			);
			name = LaunchScreen.storyboard;
			sourceTree = "<group>";
		};
/* End PBXVariantGroup section */

/* Begin XCBuildConfiguration section */
		AC8826C2246B521B00EE06B2 /* Debug */ = {
			isa = XCBuildConfiguration;
			buildSettings = {
				ALWAYS_SEARCH_USER_PATHS = NO;
				CLANG_ANALYZER_NONNULL = YES;
				CLANG_ANALYZER_NUMBER_OBJECT_CONVERSION = YES_AGGRESSIVE;
				CLANG_CXX_LANGUAGE_STANDARD = "gnu++14";
				CLANG_CXX_LIBRARY = "libc++";
				CLANG_ENABLE_MODULES = YES;
				CLANG_ENABLE_OBJC_ARC = YES;
				CLANG_ENABLE_OBJC_WEAK = YES;
				CLANG_WARN_BLOCK_CAPTURE_AUTORELEASING = YES;
				CLANG_WARN_BOOL_CONVERSION = YES;
				CLANG_WARN_COMMA = YES;
				CLANG_WARN_CONSTANT_CONVERSION = YES;
				CLANG_WARN_DEPRECATED_OBJC_IMPLEMENTATIONS = YES;
				CLANG_WARN_DIRECT_OBJC_ISA_USAGE = YES_ERROR;
				CLANG_WARN_DOCUMENTATION_COMMENTS = YES;
				CLANG_WARN_EMPTY_BODY = YES;
				CLANG_WARN_ENUM_CONVERSION = YES;
				CLANG_WARN_INFINITE_RECURSION = YES;
				CLANG_WARN_INT_CONVERSION = YES;
				CLANG_WARN_NON_LITERAL_NULL_CONVERSION = YES;
				CLANG_WARN_OBJC_IMPLICIT_RETAIN_SELF = YES;
				CLANG_WARN_OBJC_LITERAL_CONVERSION = YES;
				CLANG_WARN_OBJC_ROOT_CLASS = YES_ERROR;
				CLANG_WARN_RANGE_LOOP_ANALYSIS = YES;
				CLANG_WARN_STRICT_PROTOTYPES = YES;
				CLANG_WARN_SUSPICIOUS_MOVE = YES;
				CLANG_WARN_UNGUARDED_AVAILABILITY = YES_AGGRESSIVE;
				CLANG_WARN_UNREACHABLE_CODE = YES;
				CLANG_WARN__DUPLICATE_METHOD_MATCH = YES;
				COPY_PHASE_STRIP = NO;
				DEBUG_INFORMATION_FORMAT = dwarf;
				ENABLE_STRICT_OBJC_MSGSEND = YES;
				ENABLE_TESTABILITY = YES;
				GCC_C_LANGUAGE_STANDARD = gnu11;
				GCC_DYNAMIC_NO_PIC = NO;
				GCC_NO_COMMON_BLOCKS = YES;
				GCC_OPTIMIZATION_LEVEL = 0;
				GCC_PREPROCESSOR_DEFINITIONS = (
					"DEBUG=1",
					"$(inherited)",
				);
				GCC_WARN_64_TO_32_BIT_CONVERSION = YES;
				GCC_WARN_ABOUT_RETURN_TYPE = YES_ERROR;
				GCC_WARN_UNDECLARED_SELECTOR = YES;
				GCC_WARN_UNINITIALIZED_AUTOS = YES_AGGRESSIVE;
				GCC_WARN_UNUSED_FUNCTION = YES;
				GCC_WARN_UNUSED_VARIABLE = YES;
				IPHONEOS_DEPLOYMENT_TARGET = 13.5;
				MTL_ENABLE_DEBUG_INFO = INCLUDE_SOURCE;
				MTL_FAST_MATH = YES;
				ONLY_ACTIVE_ARCH = YES;
				SDKROOT = iphoneos;
				SWIFT_ACTIVE_COMPILATION_CONDITIONS = DEBUG;
				SWIFT_OPTIMIZATION_LEVEL = "-Onone";
			};
			name = Debug;
		};
		AC8826C3246B521B00EE06B2 /* Release */ = {
			isa = XCBuildConfiguration;
			buildSettings = {
				ALWAYS_SEARCH_USER_PATHS = NO;
				CLANG_ANALYZER_NONNULL = YES;
				CLANG_ANALYZER_NUMBER_OBJECT_CONVERSION = YES_AGGRESSIVE;
				CLANG_CXX_LANGUAGE_STANDARD = "gnu++14";
				CLANG_CXX_LIBRARY = "libc++";
				CLANG_ENABLE_MODULES = YES;
				CLANG_ENABLE_OBJC_ARC = YES;
				CLANG_ENABLE_OBJC_WEAK = YES;
				CLANG_WARN_BLOCK_CAPTURE_AUTORELEASING = YES;
				CLANG_WARN_BOOL_CONVERSION = YES;
				CLANG_WARN_COMMA = YES;
				CLANG_WARN_CONSTANT_CONVERSION = YES;
				CLANG_WARN_DEPRECATED_OBJC_IMPLEMENTATIONS = YES;
				CLANG_WARN_DIRECT_OBJC_ISA_USAGE = YES_ERROR;
				CLANG_WARN_DOCUMENTATION_COMMENTS = YES;
				CLANG_WARN_EMPTY_BODY = YES;
				CLANG_WARN_ENUM_CONVERSION = YES;
				CLANG_WARN_INFINITE_RECURSION = YES;
				CLANG_WARN_INT_CONVERSION = YES;
				CLANG_WARN_NON_LITERAL_NULL_CONVERSION = YES;
				CLANG_WARN_OBJC_IMPLICIT_RETAIN_SELF = YES;
				CLANG_WARN_OBJC_LITERAL_CONVERSION = YES;
				CLANG_WARN_OBJC_ROOT_CLASS = YES_ERROR;
				CLANG_WARN_RANGE_LOOP_ANALYSIS = YES;
				CLANG_WARN_STRICT_PROTOTYPES = YES;
				CLANG_WARN_SUSPICIOUS_MOVE = YES;
				CLANG_WARN_UNGUARDED_AVAILABILITY = YES_AGGRESSIVE;
				CLANG_WARN_UNREACHABLE_CODE = YES;
				CLANG_WARN__DUPLICATE_METHOD_MATCH = YES;
				COPY_PHASE_STRIP = NO;
				DEBUG_INFORMATION_FORMAT = "dwarf-with-dsym";
				ENABLE_NS_ASSERTIONS = NO;
				ENABLE_STRICT_OBJC_MSGSEND = YES;
				GCC_C_LANGUAGE_STANDARD = gnu11;
				GCC_NO_COMMON_BLOCKS = YES;
				GCC_WARN_64_TO_32_BIT_CONVERSION = YES;
				GCC_WARN_ABOUT_RETURN_TYPE = YES_ERROR;
				GCC_WARN_UNDECLARED_SELECTOR = YES;
				GCC_WARN_UNINITIALIZED_AUTOS = YES_AGGRESSIVE;
				GCC_WARN_UNUSED_FUNCTION = YES;
				GCC_WARN_UNUSED_VARIABLE = YES;
				IPHONEOS_DEPLOYMENT_TARGET = 13.5;
				MTL_ENABLE_DEBUG_INFO = NO;
				MTL_FAST_MATH = YES;
				SDKROOT = iphoneos;
				SWIFT_COMPILATION_MODE = wholemodule;
				SWIFT_OPTIMIZATION_LEVEL = "-O";
				VALIDATE_PRODUCT = YES;
			};
			name = Release;
		};
		AC8826C5246B521B00EE06B2 /* Debug */ = {
			isa = XCBuildConfiguration;
			buildSettings = {
				ASSETCATALOG_COMPILER_APPICON_NAME = AppIcon;
				CODE_SIGN_STYLE = Automatic;
				DEVELOPMENT_TEAM = Y56L8SS28B;
				INFOPLIST_FILE = "LeBaluchon/Supporting Files/Info.plist";
				IPHONEOS_DEPLOYMENT_TARGET = 11.0;
				LD_RUNPATH_SEARCH_PATHS = (
					"$(inherited)",
					"@executable_path/Frameworks",
				);
				PRODUCT_BUNDLE_IDENTIFIER = com.poudja.LeBaluchon;
				PRODUCT_NAME = "$(TARGET_NAME)";
				SWIFT_VERSION = 5.0;
				TARGETED_DEVICE_FAMILY = "1,2";
			};
			name = Debug;
		};
		AC8826C6246B521B00EE06B2 /* Release */ = {
			isa = XCBuildConfiguration;
			buildSettings = {
				ASSETCATALOG_COMPILER_APPICON_NAME = AppIcon;
				CODE_SIGN_STYLE = Automatic;
				DEVELOPMENT_TEAM = Y56L8SS28B;
				INFOPLIST_FILE = "LeBaluchon/Supporting Files/Info.plist";
				IPHONEOS_DEPLOYMENT_TARGET = 11.0;
				LD_RUNPATH_SEARCH_PATHS = (
					"$(inherited)",
					"@executable_path/Frameworks",
				);
				PRODUCT_BUNDLE_IDENTIFIER = com.poudja.LeBaluchon;
				PRODUCT_NAME = "$(TARGET_NAME)";
				SWIFT_VERSION = 5.0;
				TARGETED_DEVICE_FAMILY = "1,2";
			};
			name = Release;
		};
		AC8826C8246B521B00EE06B2 /* Debug */ = {
			isa = XCBuildConfiguration;
			buildSettings = {
				ALWAYS_EMBED_SWIFT_STANDARD_LIBRARIES = YES;
				BUNDLE_LOADER = "$(TEST_HOST)";
				CODE_SIGN_STYLE = Automatic;
				DEVELOPMENT_TEAM = Y56L8SS28B;
				INFOPLIST_FILE = LeBaluchonTests/Info.plist;
				IPHONEOS_DEPLOYMENT_TARGET = 13.4;
				LD_RUNPATH_SEARCH_PATHS = (
					"$(inherited)",
					"@executable_path/Frameworks",
					"@loader_path/Frameworks",
				);
				PRODUCT_BUNDLE_IDENTIFIER = com.poudja.LeBaluchonTests;
				PRODUCT_NAME = "$(TARGET_NAME)";
				SWIFT_VERSION = 5.0;
				TARGETED_DEVICE_FAMILY = "1,2";
				TEST_HOST = "$(BUILT_PRODUCTS_DIR)/LeBaluchon.app/LeBaluchon";
			};
			name = Debug;
		};
		AC8826C9246B521B00EE06B2 /* Release */ = {
			isa = XCBuildConfiguration;
			buildSettings = {
				ALWAYS_EMBED_SWIFT_STANDARD_LIBRARIES = YES;
				BUNDLE_LOADER = "$(TEST_HOST)";
				CODE_SIGN_STYLE = Automatic;
				DEVELOPMENT_TEAM = Y56L8SS28B;
				INFOPLIST_FILE = LeBaluchonTests/Info.plist;
				IPHONEOS_DEPLOYMENT_TARGET = 13.4;
				LD_RUNPATH_SEARCH_PATHS = (
					"$(inherited)",
					"@executable_path/Frameworks",
					"@loader_path/Frameworks",
				);
				PRODUCT_BUNDLE_IDENTIFIER = com.poudja.LeBaluchonTests;
				PRODUCT_NAME = "$(TARGET_NAME)";
				SWIFT_VERSION = 5.0;
				TARGETED_DEVICE_FAMILY = "1,2";
				TEST_HOST = "$(BUILT_PRODUCTS_DIR)/LeBaluchon.app/LeBaluchon";
			};
			name = Release;
		};
/* End XCBuildConfiguration section */

/* Begin XCConfigurationList section */
		AC8826A0246B521900EE06B2 /* Build configuration list for PBXProject "LeBaluchon" */ = {
			isa = XCConfigurationList;
			buildConfigurations = (
				AC8826C2246B521B00EE06B2 /* Debug */,
				AC8826C3246B521B00EE06B2 /* Release */,
			);
			defaultConfigurationIsVisible = 0;
			defaultConfigurationName = Release;
		};
		AC8826C4246B521B00EE06B2 /* Build configuration list for PBXNativeTarget "LeBaluchon" */ = {
			isa = XCConfigurationList;
			buildConfigurations = (
				AC8826C5246B521B00EE06B2 /* Debug */,
				AC8826C6246B521B00EE06B2 /* Release */,
			);
			defaultConfigurationIsVisible = 0;
			defaultConfigurationName = Release;
		};
		AC8826C7246B521B00EE06B2 /* Build configuration list for PBXNativeTarget "LeBaluchonTests" */ = {
			isa = XCConfigurationList;
			buildConfigurations = (
				AC8826C8246B521B00EE06B2 /* Debug */,
				AC8826C9246B521B00EE06B2 /* Release */,
			);
			defaultConfigurationIsVisible = 0;
			defaultConfigurationName = Release;
		};
/* End XCConfigurationList section */
	};
	rootObject = AC88269D246B521900EE06B2 /* Project object */;
}
